
Microsoft Visual Studio Solution File, Format Version 12.00
# Visual Studio 15
VisualStudioVersion = 15.0.27428.2015
MinimumVisualStudioVersion = 10.0.40219.1
Project("{9A19103F-16F7-4668-BE54-9A1E7A4F7556}") = "NetStandardCodeGeneratorTest", "NetStandardCodeGeneratorTest\NetStandardCodeGeneratorTest.csproj", "{F1775E4E-705A-43D4-9596-2977F18F58DF}"
EndProject
Project("{2150E333-8FDC-42A3-9474-1A3956D46DE8}") = "Solution Items", "Solution Items", "{6F5ADC4E-1646-4E63-83FA-C281BCCAD860}"
EndProject
Global
	GlobalSection(SolutionConfigurationPlatforms) = preSolution
		Debug|Any CPU = Debug|Any CPU
		Release|Any CPU = Release|Any CPU
	EndGlobalSection
	GlobalSection(ProjectConfigurationPlatforms) = postSolution
		{F1775E4E-705A-43D4-9596-2977F18F58DF}.Debug|Any CPU.ActiveCfg = Debug|Any CPU
		{F1775E4E-705A-43D4-9596-2977F18F58DF}.Debug|Any CPU.Build.0 = Debug|Any CPU
		{F1775E4E-705A-43D4-9596-2977F18F58DF}.Release|Any CPU.ActiveCfg = Release|Any CPU
		{F1775E4E-705A-43D4-9596-2977F18F58DF}.Release|Any CPU.Build.0 = Release|Any CPU
	EndGlobalSection
	GlobalSection(SolutionProperties) = preSolution
		HideSolutionNode = FALSE
	EndGlobalSection
	GlobalSection(ExtensibilityGlobals) = postSolution
		SolutionGuid = {48712E6B-C360-466F-B720-324C35EC7EE4}
	EndGlobalSection
EndGlobal
